
Microsoft Visual Studio Solution File, Format Version 12.00
# Visual Studio Version 17
VisualStudioVersion = 17.4.33213.308
MinimumVisualStudioVersion = 10.0.40219.1
Project("{FAE04EC0-301F-11D3-BF4B-00C04F79EFBC}") = "Projekt_kfu_2", "Projekt_kfu_2\Projekt_kfu_2.csproj", "{90DE3F9A-C643-4C07-889A-A162D5407E5F}"
EndProject
Project("{FAE04EC0-301F-11D3-BF4B-00C04F79EFBC}") = "UnitTestProject1", "UnitTestProject1\UnitTestProject1.csproj", "{5FFF4027-69B9-4BB6-972C-F6BBCE9B5912}"
EndProject
Global
	GlobalSection(SolutionConfigurationPlatforms) = preSolution
		Debug|Any CPU = Debug|Any CPU
		Release|Any CPU = Release|Any CPU
	EndGlobalSection
	GlobalSection(ProjectConfigurationPlatforms) = postSolution
		{90DE3F9A-C643-4C07-889A-A162D5407E5F}.Debug|Any CPU.ActiveCfg = Debug|Any CPU
		{90DE3F9A-C643-4C07-889A-A162D5407E5F}.Debug|Any CPU.Build.0 = Debug|Any CPU
		{90DE3F9A-C643-4C07-889A-A162D5407E5F}.Release|Any CPU.ActiveCfg = Release|Any CPU
		{90DE3F9A-C643-4C07-889A-A162D5407E5F}.Release|Any CPU.Build.0 = Release|Any CPU
		{5FFF4027-69B9-4BB6-972C-F6BBCE9B5912}.Debug|Any CPU.ActiveCfg = Debug|Any CPU
		{5FFF4027-69B9-4BB6-972C-F6BBCE9B5912}.Debug|Any CPU.Build.0 = Debug|Any CPU
		{5FFF4027-69B9-4BB6-972C-F6BBCE9B5912}.Release|Any CPU.ActiveCfg = Release|Any CPU
		{5FFF4027-69B9-4BB6-972C-F6BBCE9B5912}.Release|Any CPU.Build.0 = Release|Any CPU
	EndGlobalSection
	GlobalSection(SolutionProperties) = preSolution
		HideSolutionNode = FALSE
	EndGlobalSection
	GlobalSection(ExtensibilityGlobals) = postSolution
		SolutionGuid = {67414322-B260-41A6-A536-4FA6AED28AF8}
	EndGlobalSection
EndGlobal
